// !$*UTF8*$!
{
	archiveVersion = 1;
	classes = {
	};
	objectVersion = 48;
	objects = {

/* Begin PBXBuildFile section */
		25085DCA209C04FE007A57F8 /* BackgroundPresentationController.m in Sources */ = {isa = PBXBuildFile; fileRef = 25085DC9209C04FE007A57F8 /* BackgroundPresentationController.m */; };
		25085DCD209C0513007A57F8 /* DropDownTransitionAnimator.m in Sources */ = {isa = PBXBuildFile; fileRef = 25085DCC209C0513007A57F8 /* DropDownTransitionAnimator.m */; };
		25085DD0209C05D8007A57F8 /* MachineLearningResultViewController.swift in Sources */ = {isa = PBXBuildFile; fileRef = 25085DCF209C05D8007A57F8 /* MachineLearningResultViewController.swift */; };
		253C5FC520929E2200CF868B /* CGFloat.swift in Sources */ = {isa = PBXBuildFile; fileRef = 253C5FC420929E2200CF868B /* CGFloat.swift */; };
		253C5FC720929E4900CF868B /* CGSize.swift in Sources */ = {isa = PBXBuildFile; fileRef = 253C5FC620929E4900CF868B /* CGSize.swift */; };
		253C5FCA20929FAA00CF868B /* LoadingManager.swift in Sources */ = {isa = PBXBuildFile; fileRef = 253C5FC920929FAA00CF868B /* LoadingManager.swift */; };
		253C5FCC2092AB7E00CF868B /* UIWindow.swift in Sources */ = {isa = PBXBuildFile; fileRef = 253C5FCB2092AB7E00CF868B /* UIWindow.swift */; };
		2561858020930C7400EC788B /* ItemService.swift in Sources */ = {isa = PBXBuildFile; fileRef = 2561857F20930C7400EC788B /* ItemService.swift */; };
		2561858220930D2200EC788B /* Item.swift in Sources */ = {isa = PBXBuildFile; fileRef = 2561858120930D2200EC788B /* Item.swift */; };
		25618586209318E800EC788B /* HomeViewController.swift in Sources */ = {isa = PBXBuildFile; fileRef = 25618585209318E800EC788B /* HomeViewController.swift */; };
		256185892093192C00EC788B /* HomeCollectionViewCell.swift in Sources */ = {isa = PBXBuildFile; fileRef = 256185882093192C00EC788B /* HomeCollectionViewCell.swift */; };
		2566A4532083A41000775154 /* AppDelegate.swift in Sources */ = {isa = PBXBuildFile; fileRef = 2566A4522083A41000775154 /* AppDelegate.swift */; };
		2566A4552083A41000775154 /* MainTabBarController.swift in Sources */ = {isa = PBXBuildFile; fileRef = 2566A4542083A41000775154 /* MainTabBarController.swift */; };
		2566A4582083A41000775154 /* Main.storyboard in Resources */ = {isa = PBXBuildFile; fileRef = 2566A4562083A41000775154 /* Main.storyboard */; };
		2566A45B2083A41000775154 /* Craftycle.xcdatamodeld in Sources */ = {isa = PBXBuildFile; fileRef = 2566A4592083A41000775154 /* Craftycle.xcdatamodeld */; };
		2566A45D2083A41100775154 /* Assets.xcassets in Resources */ = {isa = PBXBuildFile; fileRef = 2566A45C2083A41100775154 /* Assets.xcassets */; };
		2566A4602083A41100775154 /* LaunchScreen.storyboard in Resources */ = {isa = PBXBuildFile; fileRef = 2566A45E2083A41100775154 /* LaunchScreen.storyboard */; };
		2566A46B2083A41100775154 /* CraftycleTests.swift in Sources */ = {isa = PBXBuildFile; fileRef = 2566A46A2083A41100775154 /* CraftycleTests.swift */; };
		2566A4762083A41100775154 /* CraftycleUITests.swift in Sources */ = {isa = PBXBuildFile; fileRef = 2566A4752083A41100775154 /* CraftycleUITests.swift */; };
		2584854B2098D0AC008B8EE6 /* Items.json in Resources */ = {isa = PBXBuildFile; fileRef = 2584854A2098D0AC008B8EE6 /* Items.json */; };
		2584854F2098D875008B8EE6 /* Items.xcassets in Resources */ = {isa = PBXBuildFile; fileRef = 2584854E2098D875008B8EE6 /* Items.xcassets */; };
		2587873B2086C246009EADC9 /* BaseWebService.swift in Sources */ = {isa = PBXBuildFile; fileRef = 2587873A2086C246009EADC9 /* BaseWebService.swift */; };
		2587873D2086C3F2009EADC9 /* BaseResponse.swift in Sources */ = {isa = PBXBuildFile; fileRef = 2587873C2086C3F2009EADC9 /* BaseResponse.swift */; };
		2587873F2086C5F6009EADC9 /* CategoryService.swift in Sources */ = {isa = PBXBuildFile; fileRef = 2587873E2086C5F6009EADC9 /* CategoryService.swift */; };
		258787422086C63E009EADC9 /* Category.swift in Sources */ = {isa = PBXBuildFile; fileRef = 258787412086C63E009EADC9 /* Category.swift */; };
		258787442086C6BA009EADC9 /* WebServiceError.swift in Sources */ = {isa = PBXBuildFile; fileRef = 258787432086C6BA009EADC9 /* WebServiceError.swift */; };
		258787462086C7AE009EADC9 /* BaseRequest.swift in Sources */ = {isa = PBXBuildFile; fileRef = 258787452086C7AE009EADC9 /* BaseRequest.swift */; };
		258787482086CE70009EADC9 /* CategoryViewController.swift in Sources */ = {isa = PBXBuildFile; fileRef = 258787472086CE70009EADC9 /* CategoryViewController.swift */; };
		2587874C2086CF28009EADC9 /* Image.swift in Sources */ = {isa = PBXBuildFile; fileRef = 2587874A2086CF28009EADC9 /* Image.swift */; };
		2587874F2086CF99009EADC9 /* NewCategoryViewController.swift in Sources */ = {isa = PBXBuildFile; fileRef = 2587874E2086CF99009EADC9 /* NewCategoryViewController.swift */; };
		25B49C95209EC3460070439F /* TipManager.swift in Sources */ = {isa = PBXBuildFile; fileRef = 25B49C93209EC3460070439F /* TipManager.swift */; };
		25B49C96209EC3460070439F /* TipViewController.swift in Sources */ = {isa = PBXBuildFile; fileRef = 25B49C94209EC3460070439F /* TipViewController.swift */; };
		25B49C9A209EC34C0070439F /* LocationPickerViewController.swift in Sources */ = {isa = PBXBuildFile; fileRef = 25B49C98209EC34C0070439F /* LocationPickerViewController.swift */; };
		25B49C9B209EC34C0070439F /* LocationResultsViewController.swift in Sources */ = {isa = PBXBuildFile; fileRef = 25B49C99209EC34C0070439F /* LocationResultsViewController.swift */; };
		25B49CA6209EC3640070439F /* CreateMarketItemDataSource.swift in Sources */ = {isa = PBXBuildFile; fileRef = 25B49C9D209EC3630070439F /* CreateMarketItemDataSource.swift */; };
		25B49CA7209EC3640070439F /* CreateMarketItemViewController.swift in Sources */ = {isa = PBXBuildFile; fileRef = 25B49C9E209EC3630070439F /* CreateMarketItemViewController.swift */; };
		25B49CA8209EC3640070439F /* Sell.swift in Sources */ = {isa = PBXBuildFile; fileRef = 25B49C9F209EC3630070439F /* Sell.swift */; };
		25B49CA9209EC3640070439F /* SellTableViewController.swift in Sources */ = {isa = PBXBuildFile; fileRef = 25B49CA0209EC3630070439F /* SellTableViewController.swift */; };
		25B49CAA209EC3640070439F /* SaleTabTableViewCell.swift in Sources */ = {isa = PBXBuildFile; fileRef = 25B49CA1209EC3630070439F /* SaleTabTableViewCell.swift */; };
		25B49CAB209EC3640070439F /* ImageTableViewCell.swift in Sources */ = {isa = PBXBuildFile; fileRef = 25B49CA3209EC3630070439F /* ImageTableViewCell.swift */; };
		25B49CAC209EC3640070439F /* PickerTableViewCell.swift in Sources */ = {isa = PBXBuildFile; fileRef = 25B49CA4209EC3630070439F /* PickerTableViewCell.swift */; };
		25B49CAD209EC3640070439F /* MarketItemInfoTableViewCell.swift in Sources */ = {isa = PBXBuildFile; fileRef = 25B49CA5209EC3630070439F /* MarketItemInfoTableViewCell.swift */; };
		25B49CAF209EC3830070439F /* CLPlacemark.swift in Sources */ = {isa = PBXBuildFile; fileRef = 25B49CAE209EC3830070439F /* CLPlacemark.swift */; };
		25B49CB2209EC3A50070439F /* BasicDataSource.swift in Sources */ = {isa = PBXBuildFile; fileRef = 25B49CB1209EC3A50070439F /* BasicDataSource.swift */; };
		25B49CB4209EC3F90070439F /* MarketItem.swift in Sources */ = {isa = PBXBuildFile; fileRef = 25B49CB3209EC3F90070439F /* MarketItem.swift */; };
		25B49CBA209F37C90070439F /* mymnist.mlmodel in Sources */ = {isa = PBXBuildFile; fileRef = 25B49CB9209F37C80070439F /* mymnist.mlmodel */; };
		25F47C0520868BFB00F6CB8D /* AuthenticatedService.swift in Sources */ = {isa = PBXBuildFile; fileRef = 25F47BFF20868BFB00F6CB8D /* AuthenticatedService.swift */; };
		25F47C0620868BFB00F6CB8D /* Request.swift in Sources */ = {isa = PBXBuildFile; fileRef = 25F47C0020868BFB00F6CB8D /* Request.swift */; };
		25F47C0720868BFB00F6CB8D /* Response.swift in Sources */ = {isa = PBXBuildFile; fileRef = 25F47C0120868BFB00F6CB8D /* Response.swift */; };
		25F47C0820868BFB00F6CB8D /* Service.swift in Sources */ = {isa = PBXBuildFile; fileRef = 25F47C0220868BFB00F6CB8D /* Service.swift */; };
		25F47C0920868BFB00F6CB8D /* WebServiceExtensions.swift in Sources */ = {isa = PBXBuildFile; fileRef = 25F47C0320868BFB00F6CB8D /* WebServiceExtensions.swift */; };
		25F47C0A20868BFB00F6CB8D /* ServiceConfiguration.swift in Sources */ = {isa = PBXBuildFile; fileRef = 25F47C0420868BFB00F6CB8D /* ServiceConfiguration.swift */; };
		718076408DA6C329263A8256 /* Pods_CraftycleUITests.framework in Frameworks */ = {isa = PBXBuildFile; fileRef = 891956E30E7AC27DF7458ED9 /* Pods_CraftycleUITests.framework */; };
		97A62E1AE5B7401AEF47A159 /* Pods_CraftycleTests.framework in Frameworks */ = {isa = PBXBuildFile; fileRef = B75D0D81D0D7CD5902A7D797 /* Pods_CraftycleTests.framework */; };
		FC0BD030056218670A46ABB6 /* Pods_Craftycle.framework in Frameworks */ = {isa = PBXBuildFile; fileRef = 8EA4F5627F9879387524D90D /* Pods_Craftycle.framework */; };
/* End PBXBuildFile section */

/* Begin PBXContainerItemProxy section */
		2566A4672083A41100775154 /* PBXContainerItemProxy */ = {
			isa = PBXContainerItemProxy;
			containerPortal = 2566A4472083A41000775154 /* Project object */;
			proxyType = 1;
			remoteGlobalIDString = 2566A44E2083A41000775154;
			remoteInfo = Craftycle;
		};
		2566A4722083A41100775154 /* PBXContainerItemProxy */ = {
			isa = PBXContainerItemProxy;
			containerPortal = 2566A4472083A41000775154 /* Project object */;
			proxyType = 1;
			remoteGlobalIDString = 2566A44E2083A41000775154;
			remoteInfo = Craftycle;
		};
/* End PBXContainerItemProxy section */

/* Begin PBXFileReference section */
		071324D0B7949058C702E63F /* Pods-CraftycleUITests.release.xcconfig */ = {isa = PBXFileReference; includeInIndex = 1; lastKnownFileType = text.xcconfig; name = "Pods-CraftycleUITests.release.xcconfig"; path = "Pods/Target Support Files/Pods-CraftycleUITests/Pods-CraftycleUITests.release.xcconfig"; sourceTree = "<group>"; };
		25085DC8209C04FE007A57F8 /* BackgroundPresentationController.h */ = {isa = PBXFileReference; fileEncoding = 4; lastKnownFileType = sourcecode.c.h; path = BackgroundPresentationController.h; sourceTree = "<group>"; };
		25085DC9209C04FE007A57F8 /* BackgroundPresentationController.m */ = {isa = PBXFileReference; fileEncoding = 4; lastKnownFileType = sourcecode.c.objc; path = BackgroundPresentationController.m; sourceTree = "<group>"; };
		25085DCB209C0513007A57F8 /* DropDownTransitionAnimator.h */ = {isa = PBXFileReference; fileEncoding = 4; lastKnownFileType = sourcecode.c.h; path = DropDownTransitionAnimator.h; sourceTree = "<group>"; };
		25085DCC209C0513007A57F8 /* DropDownTransitionAnimator.m */ = {isa = PBXFileReference; fileEncoding = 4; lastKnownFileType = sourcecode.c.objc; path = DropDownTransitionAnimator.m; sourceTree = "<group>"; };
		25085DCF209C05D8007A57F8 /* MachineLearningResultViewController.swift */ = {isa = PBXFileReference; lastKnownFileType = sourcecode.swift; path = MachineLearningResultViewController.swift; sourceTree = "<group>"; };
		253C5FC420929E2200CF868B /* CGFloat.swift */ = {isa = PBXFileReference; lastKnownFileType = sourcecode.swift; path = CGFloat.swift; sourceTree = "<group>"; };
		253C5FC620929E4900CF868B /* CGSize.swift */ = {isa = PBXFileReference; lastKnownFileType = sourcecode.swift; path = CGSize.swift; sourceTree = "<group>"; };
		253C5FC920929FAA00CF868B /* LoadingManager.swift */ = {isa = PBXFileReference; lastKnownFileType = sourcecode.swift; path = LoadingManager.swift; sourceTree = "<group>"; };
		253C5FCB2092AB7E00CF868B /* UIWindow.swift */ = {isa = PBXFileReference; lastKnownFileType = sourcecode.swift; path = UIWindow.swift; sourceTree = "<group>"; };
		2561857F20930C7400EC788B /* ItemService.swift */ = {isa = PBXFileReference; lastKnownFileType = sourcecode.swift; path = ItemService.swift; sourceTree = "<group>"; };
		2561858120930D2200EC788B /* Item.swift */ = {isa = PBXFileReference; lastKnownFileType = sourcecode.swift; path = Item.swift; sourceTree = "<group>"; };
		25618585209318E800EC788B /* HomeViewController.swift */ = {isa = PBXFileReference; lastKnownFileType = sourcecode.swift; path = HomeViewController.swift; sourceTree = "<group>"; };
		256185882093192C00EC788B /* HomeCollectionViewCell.swift */ = {isa = PBXFileReference; lastKnownFileType = sourcecode.swift; path = HomeCollectionViewCell.swift; sourceTree = "<group>"; };
		2566A44F2083A41000775154 /* Craftycle.app */ = {isa = PBXFileReference; explicitFileType = wrapper.application; includeInIndex = 0; path = Craftycle.app; sourceTree = BUILT_PRODUCTS_DIR; };
		2566A4522083A41000775154 /* AppDelegate.swift */ = {isa = PBXFileReference; lastKnownFileType = sourcecode.swift; path = AppDelegate.swift; sourceTree = "<group>"; };
		2566A4542083A41000775154 /* MainTabBarController.swift */ = {isa = PBXFileReference; lastKnownFileType = sourcecode.swift; path = MainTabBarController.swift; sourceTree = "<group>"; };
		2566A4572083A41000775154 /* Base */ = {isa = PBXFileReference; lastKnownFileType = file.storyboard; name = Base; path = Base.lproj/Main.storyboard; sourceTree = "<group>"; };
		2566A45A2083A41000775154 /* Craftycle.xcdatamodel */ = {isa = PBXFileReference; lastKnownFileType = wrapper.xcdatamodel; path = Craftycle.xcdatamodel; sourceTree = "<group>"; };
		2566A45C2083A41100775154 /* Assets.xcassets */ = {isa = PBXFileReference; lastKnownFileType = folder.assetcatalog; path = Assets.xcassets; sourceTree = "<group>"; };
		2566A45F2083A41100775154 /* Base */ = {isa = PBXFileReference; lastKnownFileType = file.storyboard; name = Base; path = Base.lproj/LaunchScreen.storyboard; sourceTree = "<group>"; };
		2566A4612083A41100775154 /* Info.plist */ = {isa = PBXFileReference; lastKnownFileType = text.plist.xml; path = Info.plist; sourceTree = "<group>"; };
		2566A4662083A41100775154 /* CraftycleTests.xctest */ = {isa = PBXFileReference; explicitFileType = wrapper.cfbundle; includeInIndex = 0; path = CraftycleTests.xctest; sourceTree = BUILT_PRODUCTS_DIR; };
		2566A46A2083A41100775154 /* CraftycleTests.swift */ = {isa = PBXFileReference; lastKnownFileType = sourcecode.swift; path = CraftycleTests.swift; sourceTree = "<group>"; };
		2566A46C2083A41100775154 /* Info.plist */ = {isa = PBXFileReference; lastKnownFileType = text.plist.xml; path = Info.plist; sourceTree = "<group>"; };
		2566A4712083A41100775154 /* CraftycleUITests.xctest */ = {isa = PBXFileReference; explicitFileType = wrapper.cfbundle; includeInIndex = 0; path = CraftycleUITests.xctest; sourceTree = BUILT_PRODUCTS_DIR; };
		2566A4752083A41100775154 /* CraftycleUITests.swift */ = {isa = PBXFileReference; lastKnownFileType = sourcecode.swift; path = CraftycleUITests.swift; sourceTree = "<group>"; };
		2566A4772083A41100775154 /* Info.plist */ = {isa = PBXFileReference; lastKnownFileType = text.plist.xml; path = Info.plist; sourceTree = "<group>"; };
		2584854A2098D0AC008B8EE6 /* Items.json */ = {isa = PBXFileReference; lastKnownFileType = text.json; path = Items.json; sourceTree = "<group>"; };
		2584854E2098D875008B8EE6 /* Items.xcassets */ = {isa = PBXFileReference; lastKnownFileType = folder.assetcatalog; name = Items.xcassets; path = Craftycle/Items.xcassets; sourceTree = SOURCE_ROOT; };
		2587873A2086C246009EADC9 /* BaseWebService.swift */ = {isa = PBXFileReference; lastKnownFileType = sourcecode.swift; path = BaseWebService.swift; sourceTree = "<group>"; };
		2587873C2086C3F2009EADC9 /* BaseResponse.swift */ = {isa = PBXFileReference; lastKnownFileType = sourcecode.swift; path = BaseResponse.swift; sourceTree = "<group>"; };
		2587873E2086C5F6009EADC9 /* CategoryService.swift */ = {isa = PBXFileReference; lastKnownFileType = sourcecode.swift; path = CategoryService.swift; sourceTree = "<group>"; };
		258787412086C63E009EADC9 /* Category.swift */ = {isa = PBXFileReference; lastKnownFileType = sourcecode.swift; path = Category.swift; sourceTree = "<group>"; };
		258787432086C6BA009EADC9 /* WebServiceError.swift */ = {isa = PBXFileReference; lastKnownFileType = sourcecode.swift; path = WebServiceError.swift; sourceTree = "<group>"; };
		258787452086C7AE009EADC9 /* BaseRequest.swift */ = {isa = PBXFileReference; lastKnownFileType = sourcecode.swift; path = BaseRequest.swift; sourceTree = "<group>"; };
		258787472086CE70009EADC9 /* CategoryViewController.swift */ = {isa = PBXFileReference; lastKnownFileType = sourcecode.swift; path = CategoryViewController.swift; sourceTree = "<group>"; };
		2587874A2086CF28009EADC9 /* Image.swift */ = {isa = PBXFileReference; fileEncoding = 4; lastKnownFileType = sourcecode.swift; path = Image.swift; sourceTree = "<group>"; };
		2587874E2086CF99009EADC9 /* NewCategoryViewController.swift */ = {isa = PBXFileReference; fileEncoding = 4; lastKnownFileType = sourcecode.swift; path = NewCategoryViewController.swift; sourceTree = "<group>"; };
		2598C10E208D53F5009A8572 /* Craftycle-Bridging-Header.h */ = {isa = PBXFileReference; lastKnownFileType = sourcecode.c.h; path = "Craftycle-Bridging-Header.h"; sourceTree = "<group>"; };
		25B49C93209EC3460070439F /* TipManager.swift */ = {isa = PBXFileReference; fileEncoding = 4; lastKnownFileType = sourcecode.swift; path = TipManager.swift; sourceTree = "<group>"; };
		25B49C94209EC3460070439F /* TipViewController.swift */ = {isa = PBXFileReference; fileEncoding = 4; lastKnownFileType = sourcecode.swift; path = TipViewController.swift; sourceTree = "<group>"; };
		25B49C98209EC34C0070439F /* LocationPickerViewController.swift */ = {isa = PBXFileReference; fileEncoding = 4; lastKnownFileType = sourcecode.swift; path = LocationPickerViewController.swift; sourceTree = "<group>"; };
		25B49C99209EC34C0070439F /* LocationResultsViewController.swift */ = {isa = PBXFileReference; fileEncoding = 4; lastKnownFileType = sourcecode.swift; path = LocationResultsViewController.swift; sourceTree = "<group>"; };
		25B49C9D209EC3630070439F /* CreateMarketItemDataSource.swift */ = {isa = PBXFileReference; fileEncoding = 4; lastKnownFileType = sourcecode.swift; path = CreateMarketItemDataSource.swift; sourceTree = "<group>"; };
		25B49C9E209EC3630070439F /* CreateMarketItemViewController.swift */ = {isa = PBXFileReference; fileEncoding = 4; lastKnownFileType = sourcecode.swift; path = CreateMarketItemViewController.swift; sourceTree = "<group>"; };
		25B49C9F209EC3630070439F /* Sell.swift */ = {isa = PBXFileReference; fileEncoding = 4; lastKnownFileType = sourcecode.swift; path = Sell.swift; sourceTree = "<group>"; };
		25B49CA0209EC3630070439F /* SellTableViewController.swift */ = {isa = PBXFileReference; fileEncoding = 4; lastKnownFileType = sourcecode.swift; path = SellTableViewController.swift; sourceTree = "<group>"; };
		25B49CA1209EC3630070439F /* SaleTabTableViewCell.swift */ = {isa = PBXFileReference; fileEncoding = 4; lastKnownFileType = sourcecode.swift; path = SaleTabTableViewCell.swift; sourceTree = "<group>"; };
		25B49CA3209EC3630070439F /* ImageTableViewCell.swift */ = {isa = PBXFileReference; fileEncoding = 4; lastKnownFileType = sourcecode.swift; path = ImageTableViewCell.swift; sourceTree = "<group>"; };
		25B49CA4209EC3630070439F /* PickerTableViewCell.swift */ = {isa = PBXFileReference; fileEncoding = 4; lastKnownFileType = sourcecode.swift; path = PickerTableViewCell.swift; sourceTree = "<group>"; };
		25B49CA5209EC3630070439F /* MarketItemInfoTableViewCell.swift */ = {isa = PBXFileReference; fileEncoding = 4; lastKnownFileType = sourcecode.swift; path = MarketItemInfoTableViewCell.swift; sourceTree = "<group>"; };
		25B49CAE209EC3830070439F /* CLPlacemark.swift */ = {isa = PBXFileReference; fileEncoding = 4; lastKnownFileType = sourcecode.swift; path = CLPlacemark.swift; sourceTree = "<group>"; };
		25B49CB1209EC3A50070439F /* BasicDataSource.swift */ = {isa = PBXFileReference; fileEncoding = 4; lastKnownFileType = sourcecode.swift; path = BasicDataSource.swift; sourceTree = "<group>"; };
		25B49CB3209EC3F90070439F /* MarketItem.swift */ = {isa = PBXFileReference; fileEncoding = 4; lastKnownFileType = sourcecode.swift; path = MarketItem.swift; sourceTree = "<group>"; };
		25B49CB9209F37C80070439F /* mymnist.mlmodel */ = {isa = PBXFileReference; lastKnownFileType = file.mlmodel; path = mymnist.mlmodel; sourceTree = "<group>"; };
		25F47BFF20868BFB00F6CB8D /* AuthenticatedService.swift */ = {isa = PBXFileReference; fileEncoding = 4; lastKnownFileType = sourcecode.swift; path = AuthenticatedService.swift; sourceTree = "<group>"; };
		25F47C0020868BFB00F6CB8D /* Request.swift */ = {isa = PBXFileReference; fileEncoding = 4; lastKnownFileType = sourcecode.swift; path = Request.swift; sourceTree = "<group>"; };
		25F47C0120868BFB00F6CB8D /* Response.swift */ = {isa = PBXFileReference; fileEncoding = 4; lastKnownFileType = sourcecode.swift; path = Response.swift; sourceTree = "<group>"; };
		25F47C0220868BFB00F6CB8D /* Service.swift */ = {isa = PBXFileReference; fileEncoding = 4; lastKnownFileType = sourcecode.swift; path = Service.swift; sourceTree = "<group>"; };
		25F47C0320868BFB00F6CB8D /* WebServiceExtensions.swift */ = {isa = PBXFileReference; fileEncoding = 4; lastKnownFileType = sourcecode.swift; path = WebServiceExtensions.swift; sourceTree = "<group>"; };
		25F47C0420868BFB00F6CB8D /* ServiceConfiguration.swift */ = {isa = PBXFileReference; fileEncoding = 4; lastKnownFileType = sourcecode.swift; path = ServiceConfiguration.swift; sourceTree = "<group>"; };
		763D9641DFD7FEB59B2D0CE9 /* Pods-CraftycleTests.debug.xcconfig */ = {isa = PBXFileReference; includeInIndex = 1; lastKnownFileType = text.xcconfig; name = "Pods-CraftycleTests.debug.xcconfig"; path = "Pods/Target Support Files/Pods-CraftycleTests/Pods-CraftycleTests.debug.xcconfig"; sourceTree = "<group>"; };
		7D4232FB524269A832351E51 /* Pods-Craftycle.debug.xcconfig */ = {isa = PBXFileReference; includeInIndex = 1; lastKnownFileType = text.xcconfig; name = "Pods-Craftycle.debug.xcconfig"; path = "Pods/Target Support Files/Pods-Craftycle/Pods-Craftycle.debug.xcconfig"; sourceTree = "<group>"; };
		891956E30E7AC27DF7458ED9 /* Pods_CraftycleUITests.framework */ = {isa = PBXFileReference; explicitFileType = wrapper.framework; includeInIndex = 0; path = Pods_CraftycleUITests.framework; sourceTree = BUILT_PRODUCTS_DIR; };
		8EA4F5627F9879387524D90D /* Pods_Craftycle.framework */ = {isa = PBXFileReference; explicitFileType = wrapper.framework; includeInIndex = 0; path = Pods_Craftycle.framework; sourceTree = BUILT_PRODUCTS_DIR; };
		B75D0D81D0D7CD5902A7D797 /* Pods_CraftycleTests.framework */ = {isa = PBXFileReference; explicitFileType = wrapper.framework; includeInIndex = 0; path = Pods_CraftycleTests.framework; sourceTree = BUILT_PRODUCTS_DIR; };
		BFB3882219A04B166C796E6C /* Pods-CraftycleTests.release.xcconfig */ = {isa = PBXFileReference; includeInIndex = 1; lastKnownFileType = text.xcconfig; name = "Pods-CraftycleTests.release.xcconfig"; path = "Pods/Target Support Files/Pods-CraftycleTests/Pods-CraftycleTests.release.xcconfig"; sourceTree = "<group>"; };
		DE4C38D3F41BCFDE31850DDE /* Pods-Craftycle.release.xcconfig */ = {isa = PBXFileReference; includeInIndex = 1; lastKnownFileType = text.xcconfig; name = "Pods-Craftycle.release.xcconfig"; path = "Pods/Target Support Files/Pods-Craftycle/Pods-Craftycle.release.xcconfig"; sourceTree = "<group>"; };
		F3ED8800814B093C007BC58A /* Pods-CraftycleUITests.debug.xcconfig */ = {isa = PBXFileReference; includeInIndex = 1; lastKnownFileType = text.xcconfig; name = "Pods-CraftycleUITests.debug.xcconfig"; path = "Pods/Target Support Files/Pods-CraftycleUITests/Pods-CraftycleUITests.debug.xcconfig"; sourceTree = "<group>"; };
/* End PBXFileReference section */

/* Begin PBXFrameworksBuildPhase section */
		2566A44C2083A41000775154 /* Frameworks */ = {
			isa = PBXFrameworksBuildPhase;
			buildActionMask = 2147483647;
			files = (
				FC0BD030056218670A46ABB6 /* Pods_Craftycle.framework in Frameworks */,
			);
			runOnlyForDeploymentPostprocessing = 0;
		};
		2566A4632083A41100775154 /* Frameworks */ = {
			isa = PBXFrameworksBuildPhase;
			buildActionMask = 2147483647;
			files = (
				97A62E1AE5B7401AEF47A159 /* Pods_CraftycleTests.framework in Frameworks */,
			);
			runOnlyForDeploymentPostprocessing = 0;
		};
		2566A46E2083A41100775154 /* Frameworks */ = {
			isa = PBXFrameworksBuildPhase;
			buildActionMask = 2147483647;
			files = (
				718076408DA6C329263A8256 /* Pods_CraftycleUITests.framework in Frameworks */,
			);
			runOnlyForDeploymentPostprocessing = 0;
		};
/* End PBXFrameworksBuildPhase section */

/* Begin PBXGroup section */
		1BDCE3B913A4DF54A24EDA25 /* Pods */ = {
			isa = PBXGroup;
			children = (
				7D4232FB524269A832351E51 /* Pods-Craftycle.debug.xcconfig */,
				DE4C38D3F41BCFDE31850DDE /* Pods-Craftycle.release.xcconfig */,
				763D9641DFD7FEB59B2D0CE9 /* Pods-CraftycleTests.debug.xcconfig */,
				BFB3882219A04B166C796E6C /* Pods-CraftycleTests.release.xcconfig */,
				F3ED8800814B093C007BC58A /* Pods-CraftycleUITests.debug.xcconfig */,
				071324D0B7949058C702E63F /* Pods-CraftycleUITests.release.xcconfig */,
			);
			name = Pods;
			sourceTree = "<group>";
		};
		25085DBF209C00CB007A57F8 /* Others */ = {
			isa = PBXGroup;
			children = (
				25085DCB209C0513007A57F8 /* DropDownTransitionAnimator.h */,
				25085DCC209C0513007A57F8 /* DropDownTransitionAnimator.m */,
				25085DC8209C04FE007A57F8 /* BackgroundPresentationController.h */,
				25085DC9209C04FE007A57F8 /* BackgroundPresentationController.m */,
			);
			path = Others;
			sourceTree = "<group>";
		};
		25085DCE209C05B8007A57F8 /* MachineLearning */ = {
			isa = PBXGroup;
			children = (
				25085DCF209C05D8007A57F8 /* MachineLearningResultViewController.swift */,
			);
			path = MachineLearning;
			sourceTree = "<group>";
		};
		253C5FC820929F5800CF868B /* Managers */ = {
			isa = PBXGroup;
			children = (
				253C5FC920929FAA00CF868B /* LoadingManager.swift */,
			);
			path = Managers;
			sourceTree = "<group>";
		};
		256185832093189C00EC788B /* View Controllers */ = {
			isa = PBXGroup;
			children = (
				25B49C9C209EC3630070439F /* Sell */,
				25B49C97209EC34C0070439F /* Location */,
				25B49C92209EC3460070439F /* Tip */,
				25085DCE209C05B8007A57F8 /* MachineLearning */,
				25618584209318AA00EC788B /* Home */,
			);
			path = "View Controllers";
			sourceTree = "<group>";
		};
		25618584209318AA00EC788B /* Home */ = {
			isa = PBXGroup;
			children = (
				25618587209318F500EC788B /* Views */,
				25618585209318E800EC788B /* HomeViewController.swift */,
			);
			path = Home;
			sourceTree = "<group>";
		};
		25618587209318F500EC788B /* Views */ = {
			isa = PBXGroup;
			children = (
				256185882093192C00EC788B /* HomeCollectionViewCell.swift */,
			);
			path = Views;
			sourceTree = "<group>";
		};
		2566A4462083A41000775154 = {
			isa = PBXGroup;
			children = (
				2566A4512083A41000775154 /* Craftycle */,
				258485492098D089008B8EE6 /* Data */,
				2566A4692083A41100775154 /* CraftycleTests */,
				2566A4742083A41100775154 /* CraftycleUITests */,
				2566A4502083A41000775154 /* Products */,
				1BDCE3B913A4DF54A24EDA25 /* Pods */,
				64F820C82D2DA16B4FD9499C /* Frameworks */,
			);
			sourceTree = "<group>";
		};
		2566A4502083A41000775154 /* Products */ = {
			isa = PBXGroup;
			children = (
				2566A44F2083A41000775154 /* Craftycle.app */,
				2566A4662083A41100775154 /* CraftycleTests.xctest */,
				2566A4712083A41100775154 /* CraftycleUITests.xctest */,
			);
			name = Products;
			sourceTree = "<group>";
		};
		2566A4512083A41000775154 /* Craftycle */ = {
			isa = PBXGroup;
			children = (
				25B49CB0209EC3A50070439F /* DataSource */,
				25085DBF209C00CB007A57F8 /* Others */,
				256185832093189C00EC788B /* View Controllers */,
				253C5FC820929F5800CF868B /* Managers */,
				258787492086CF18009EADC9 /* Extensions */,
				258787402086C62D009EADC9 /* Models */,
				25F47C0B20868C7A00F6CB8D /* Networking */,
				2566A4522083A41000775154 /* AppDelegate.swift */,
				2566A4542083A41000775154 /* MainTabBarController.swift */,
				258787472086CE70009EADC9 /* CategoryViewController.swift */,
				2587874E2086CF99009EADC9 /* NewCategoryViewController.swift */,
				2566A4562083A41000775154 /* Main.storyboard */,
				2566A45C2083A41100775154 /* Assets.xcassets */,
				2584854E2098D875008B8EE6 /* Items.xcassets */,
				2566A45E2083A41100775154 /* LaunchScreen.storyboard */,
				2566A4612083A41100775154 /* Info.plist */,
				2566A4592083A41000775154 /* Craftycle.xcdatamodeld */,
				2598C10E208D53F5009A8572 /* Craftycle-Bridging-Header.h */,
			);
			path = Craftycle;
			sourceTree = "<group>";
		};
		2566A4692083A41100775154 /* CraftycleTests */ = {
			isa = PBXGroup;
			children = (
				2566A46A2083A41100775154 /* CraftycleTests.swift */,
				2566A46C2083A41100775154 /* Info.plist */,
			);
			path = CraftycleTests;
			sourceTree = "<group>";
		};
		2566A4742083A41100775154 /* CraftycleUITests */ = {
			isa = PBXGroup;
			children = (
				2566A4752083A41100775154 /* CraftycleUITests.swift */,
				2566A4772083A41100775154 /* Info.plist */,
			);
			path = CraftycleUITests;
			sourceTree = "<group>";
		};
		258485492098D089008B8EE6 /* Data */ = {
			isa = PBXGroup;
			children = (
				2584854A2098D0AC008B8EE6 /* Items.json */,
			);
			path = Data;
			sourceTree = "<group>";
		};
		258787402086C62D009EADC9 /* Models */ = {
			isa = PBXGroup;
			children = (
				25B49CB9209F37C80070439F /* mymnist.mlmodel */,
				25B49CB3209EC3F90070439F /* MarketItem.swift */,
				258787412086C63E009EADC9 /* Category.swift */,
				2561858120930D2200EC788B /* Item.swift */,
			);
			path = Models;
			sourceTree = "<group>";
		};
		258787492086CF18009EADC9 /* Extensions */ = {
			isa = PBXGroup;
			children = (
				25B49CAE209EC3830070439F /* CLPlacemark.swift */,
				2587874A2086CF28009EADC9 /* Image.swift */,
				253C5FC420929E2200CF868B /* CGFloat.swift */,
				253C5FC620929E4900CF868B /* CGSize.swift */,
				253C5FCB2092AB7E00CF868B /* UIWindow.swift */,
			);
			path = Extensions;
			sourceTree = "<group>";
		};
		25B49C92209EC3460070439F /* Tip */ = {
			isa = PBXGroup;
			children = (
				25B49C93209EC3460070439F /* TipManager.swift */,
				25B49C94209EC3460070439F /* TipViewController.swift */,
			);
			path = Tip;
			sourceTree = "<group>";
		};
		25B49C97209EC34C0070439F /* Location */ = {
			isa = PBXGroup;
			children = (
				25B49C98209EC34C0070439F /* LocationPickerViewController.swift */,
				25B49C99209EC34C0070439F /* LocationResultsViewController.swift */,
			);
			path = Location;
			sourceTree = "<group>";
		};
		25B49C9C209EC3630070439F /* Sell */ = {
			isa = PBXGroup;
			children = (
				25B49C9D209EC3630070439F /* CreateMarketItemDataSource.swift */,
				25B49C9E209EC3630070439F /* CreateMarketItemViewController.swift */,
				25B49C9F209EC3630070439F /* Sell.swift */,
				25B49CA0209EC3630070439F /* SellTableViewController.swift */,
				25B49CA1209EC3630070439F /* SaleTabTableViewCell.swift */,
				25B49CA2209EC3630070439F /* Views */,
			);
			path = Sell;
			sourceTree = "<group>";
		};
		25B49CA2209EC3630070439F /* Views */ = {
			isa = PBXGroup;
			children = (
				25B49CA3209EC3630070439F /* ImageTableViewCell.swift */,
				25B49CA4209EC3630070439F /* PickerTableViewCell.swift */,
				25B49CA5209EC3630070439F /* MarketItemInfoTableViewCell.swift */,
			);
			path = Views;
			sourceTree = "<group>";
		};
		25B49CB0209EC3A50070439F /* DataSource */ = {
			isa = PBXGroup;
			children = (
				25B49CB1209EC3A50070439F /* BasicDataSource.swift */,
			);
			path = DataSource;
			sourceTree = "<group>";
		};
		25F47C0B20868C7A00F6CB8D /* Networking */ = {
			isa = PBXGroup;
			children = (
				25F47C0C20868C8500F6CB8D /* Core */,
				2587873A2086C246009EADC9 /* BaseWebService.swift */,
				2587873C2086C3F2009EADC9 /* BaseResponse.swift */,
				258787452086C7AE009EADC9 /* BaseRequest.swift */,
				2587873E2086C5F6009EADC9 /* CategoryService.swift */,
				258787432086C6BA009EADC9 /* WebServiceError.swift */,
				2561857F20930C7400EC788B /* ItemService.swift */,
			);
			path = Networking;
			sourceTree = "<group>";
		};
		25F47C0C20868C8500F6CB8D /* Core */ = {
			isa = PBXGroup;
			children = (
				25F47BFF20868BFB00F6CB8D /* AuthenticatedService.swift */,
				25F47C0020868BFB00F6CB8D /* Request.swift */,
				25F47C0120868BFB00F6CB8D /* Response.swift */,
				25F47C0220868BFB00F6CB8D /* Service.swift */,
				25F47C0420868BFB00F6CB8D /* ServiceConfiguration.swift */,
				25F47C0320868BFB00F6CB8D /* WebServiceExtensions.swift */,
			);
			path = Core;
			sourceTree = "<group>";
		};
		64F820C82D2DA16B4FD9499C /* Frameworks */ = {
			isa = PBXGroup;
			children = (
				8EA4F5627F9879387524D90D /* Pods_Craftycle.framework */,
				B75D0D81D0D7CD5902A7D797 /* Pods_CraftycleTests.framework */,
				891956E30E7AC27DF7458ED9 /* Pods_CraftycleUITests.framework */,
			);
			name = Frameworks;
			sourceTree = "<group>";
		};
/* End PBXGroup section */

/* Begin PBXNativeTarget section */
		2566A44E2083A41000775154 /* Craftycle */ = {
			isa = PBXNativeTarget;
			buildConfigurationList = 2566A47A2083A41100775154 /* Build configuration list for PBXNativeTarget "Craftycle" */;
			buildPhases = (
				914DDC4565127533453A1876 /* [CP] Check Pods Manifest.lock */,
				2566A44B2083A41000775154 /* Sources */,
				2566A44C2083A41000775154 /* Frameworks */,
				2566A44D2083A41000775154 /* Resources */,
				6AC4D9F0F134835362D9D38B /* [CP] Embed Pods Frameworks */,
				DB65F4B6E1B1A37AEBC7870A /* [CP] Copy Pods Resources */,
			);
			buildRules = (
			);
			dependencies = (
			);
			name = Craftycle;
			productName = Craftycle;
			productReference = 2566A44F2083A41000775154 /* Craftycle.app */;
			productType = "com.apple.product-type.application";
		};
		2566A4652083A41100775154 /* CraftycleTests */ = {
			isa = PBXNativeTarget;
			buildConfigurationList = 2566A47D2083A41100775154 /* Build configuration list for PBXNativeTarget "CraftycleTests" */;
			buildPhases = (
				F3EBA0FCA6E106821C4DD671 /* [CP] Check Pods Manifest.lock */,
				2566A4622083A41100775154 /* Sources */,
				2566A4632083A41100775154 /* Frameworks */,
				2566A4642083A41100775154 /* Resources */,
				E4203FDE47F12D93F1823098 /* [CP] Embed Pods Frameworks */,
				97E700812B47A2D6C31C8CCB /* [CP] Copy Pods Resources */,
			);
			buildRules = (
			);
			dependencies = (
				2566A4682083A41100775154 /* PBXTargetDependency */,
			);
			name = CraftycleTests;
			productName = CraftycleTests;
			productReference = 2566A4662083A41100775154 /* CraftycleTests.xctest */;
			productType = "com.apple.product-type.bundle.unit-test";
		};
		2566A4702083A41100775154 /* CraftycleUITests */ = {
			isa = PBXNativeTarget;
			buildConfigurationList = 2566A4802083A41100775154 /* Build configuration list for PBXNativeTarget "CraftycleUITests" */;
			buildPhases = (
				D356C3DAB30EA79FBE2F7928 /* [CP] Check Pods Manifest.lock */,
				2566A46D2083A41100775154 /* Sources */,
				2566A46E2083A41100775154 /* Frameworks */,
				2566A46F2083A41100775154 /* Resources */,
				2A21D64262050056684C1E0B /* [CP] Embed Pods Frameworks */,
				5466A715D8ABE0627E2ED6C0 /* [CP] Copy Pods Resources */,
			);
			buildRules = (
			);
			dependencies = (
				2566A4732083A41100775154 /* PBXTargetDependency */,
			);
			name = CraftycleUITests;
			productName = CraftycleUITests;
			productReference = 2566A4712083A41100775154 /* CraftycleUITests.xctest */;
			productType = "com.apple.product-type.bundle.ui-testing";
		};
/* End PBXNativeTarget section */

/* Begin PBXProject section */
		2566A4472083A41000775154 /* Project object */ = {
			isa = PBXProject;
			attributes = {
				LastSwiftUpdateCheck = 0930;
				LastUpgradeCheck = 0930;
				ORGANIZATIONNAME = Craftycle;
				TargetAttributes = {
					2566A44E2083A41000775154 = {
						CreatedOnToolsVersion = 9.3;
						ProvisioningStyle = Automatic;
					};
					2566A4652083A41100775154 = {
						CreatedOnToolsVersion = 9.3;
						ProvisioningStyle = Automatic;
						TestTargetID = 2566A44E2083A41000775154;
					};
					2566A4702083A41100775154 = {
						CreatedOnToolsVersion = 9.3;
						ProvisioningStyle = Automatic;
						TestTargetID = 2566A44E2083A41000775154;
					};
				};
			};
			buildConfigurationList = 2566A44A2083A41000775154 /* Build configuration list for PBXProject "Craftycle" */;
			compatibilityVersion = "Xcode 8.0";
			developmentRegion = en;
			hasScannedForEncodings = 0;
			knownRegions = (
				en,
				Base,
			);
			mainGroup = 2566A4462083A41000775154;
			productRefGroup = 2566A4502083A41000775154 /* Products */;
			projectDirPath = "";
			projectRoot = "";
			targets = (
				2566A44E2083A41000775154 /* Craftycle */,
				2566A4652083A41100775154 /* CraftycleTests */,
				2566A4702083A41100775154 /* CraftycleUITests */,
			);
		};
/* End PBXProject section */

/* Begin PBXResourcesBuildPhase section */
		2566A44D2083A41000775154 /* Resources */ = {
			isa = PBXResourcesBuildPhase;
			buildActionMask = 2147483647;
			files = (
				2584854B2098D0AC008B8EE6 /* Items.json in Resources */,
				2566A4602083A41100775154 /* LaunchScreen.storyboard in Resources */,
				2584854F2098D875008B8EE6 /* Items.xcassets in Resources */,
				2566A45D2083A41100775154 /* Assets.xcassets in Resources */,
				2566A4582083A41000775154 /* Main.storyboard in Resources */,
			);
			runOnlyForDeploymentPostprocessing = 0;
		};
		2566A4642083A41100775154 /* Resources */ = {
			isa = PBXResourcesBuildPhase;
			buildActionMask = 2147483647;
			files = (
			);
			runOnlyForDeploymentPostprocessing = 0;
		};
		2566A46F2083A41100775154 /* Resources */ = {
			isa = PBXResourcesBuildPhase;
			buildActionMask = 2147483647;
			files = (
			);
			runOnlyForDeploymentPostprocessing = 0;
		};
/* End PBXResourcesBuildPhase section */

/* Begin PBXShellScriptBuildPhase section */
		2A21D64262050056684C1E0B /* [CP] Embed Pods Frameworks */ = {
			isa = PBXShellScriptBuildPhase;
			buildActionMask = 2147483647;
			files = (
			);
			inputPaths = (
			);
			name = "[CP] Embed Pods Frameworks";
			outputPaths = (
			);
			runOnlyForDeploymentPostprocessing = 0;
			shellPath = /bin/sh;
			shellScript = "\"${SRCROOT}/Pods/Target Support Files/Pods-CraftycleUITests/Pods-CraftycleUITests-frameworks.sh\"\n";
			showEnvVarsInLog = 0;
		};
		5466A715D8ABE0627E2ED6C0 /* [CP] Copy Pods Resources */ = {
			isa = PBXShellScriptBuildPhase;
			buildActionMask = 2147483647;
			files = (
			);
			inputPaths = (
			);
			name = "[CP] Copy Pods Resources";
			outputPaths = (
			);
			runOnlyForDeploymentPostprocessing = 0;
			shellPath = /bin/sh;
			shellScript = "\"${SRCROOT}/Pods/Target Support Files/Pods-CraftycleUITests/Pods-CraftycleUITests-resources.sh\"\n";
			showEnvVarsInLog = 0;
		};
		6AC4D9F0F134835362D9D38B /* [CP] Embed Pods Frameworks */ = {
			isa = PBXShellScriptBuildPhase;
			buildActionMask = 2147483647;
			files = (
			);
			inputPaths = (
				"${SRCROOT}/Pods/Target Support Files/Pods-Craftycle/Pods-Craftycle-frameworks.sh",
				"${BUILT_PRODUCTS_DIR}/DTCircularActivityIndicator/DTCircularActivityIndicator.framework",
				"${BUILT_PRODUCTS_DIR}/SDWebImage/SDWebImage.framework",
			);
			name = "[CP] Embed Pods Frameworks";
			outputPaths = (
				"${TARGET_BUILD_DIR}/${FRAMEWORKS_FOLDER_PATH}/DTCircularActivityIndicator.framework",
				"${TARGET_BUILD_DIR}/${FRAMEWORKS_FOLDER_PATH}/SDWebImage.framework",
			);
			runOnlyForDeploymentPostprocessing = 0;
			shellPath = /bin/sh;
			shellScript = "\"${SRCROOT}/Pods/Target Support Files/Pods-Craftycle/Pods-Craftycle-frameworks.sh\"\n";
			showEnvVarsInLog = 0;
		};
		914DDC4565127533453A1876 /* [CP] Check Pods Manifest.lock */ = {
			isa = PBXShellScriptBuildPhase;
			buildActionMask = 2147483647;
			files = (
			);
			inputPaths = (
				"${PODS_PODFILE_DIR_PATH}/Podfile.lock",
				"${PODS_ROOT}/Manifest.lock",
			);
			name = "[CP] Check Pods Manifest.lock";
			outputPaths = (
				"$(DERIVED_FILE_DIR)/Pods-Craftycle-checkManifestLockResult.txt",
			);
			runOnlyForDeploymentPostprocessing = 0;
			shellPath = /bin/sh;
			shellScript = "diff \"${PODS_PODFILE_DIR_PATH}/Podfile.lock\" \"${PODS_ROOT}/Manifest.lock\" > /dev/null\nif [ $? != 0 ] ; then\n    # print error to STDERR\n    echo \"error: The sandbox is not in sync with the Podfile.lock. Run 'pod install' or update your CocoaPods installation.\" >&2\n    exit 1\nfi\n# This output is used by Xcode 'outputs' to avoid re-running this script phase.\necho \"SUCCESS\" > \"${SCRIPT_OUTPUT_FILE_0}\"\n";
			showEnvVarsInLog = 0;
		};
		97E700812B47A2D6C31C8CCB /* [CP] Copy Pods Resources */ = {
			isa = PBXShellScriptBuildPhase;
			buildActionMask = 2147483647;
			files = (
			);
			inputPaths = (
			);
			name = "[CP] Copy Pods Resources";
			outputPaths = (
			);
			runOnlyForDeploymentPostprocessing = 0;
			shellPath = /bin/sh;
			shellScript = "\"${SRCROOT}/Pods/Target Support Files/Pods-CraftycleTests/Pods-CraftycleTests-resources.sh\"\n";
			showEnvVarsInLog = 0;
		};
		D356C3DAB30EA79FBE2F7928 /* [CP] Check Pods Manifest.lock */ = {
			isa = PBXShellScriptBuildPhase;
			buildActionMask = 2147483647;
			files = (
			);
			inputPaths = (
				"${PODS_PODFILE_DIR_PATH}/Podfile.lock",
				"${PODS_ROOT}/Manifest.lock",
			);
			name = "[CP] Check Pods Manifest.lock";
			outputPaths = (
				"$(DERIVED_FILE_DIR)/Pods-CraftycleUITests-checkManifestLockResult.txt",
			);
			runOnlyForDeploymentPostprocessing = 0;
			shellPath = /bin/sh;
			shellScript = "diff \"${PODS_PODFILE_DIR_PATH}/Podfile.lock\" \"${PODS_ROOT}/Manifest.lock\" > /dev/null\nif [ $? != 0 ] ; then\n    # print error to STDERR\n    echo \"error: The sandbox is not in sync with the Podfile.lock. Run 'pod install' or update your CocoaPods installation.\" >&2\n    exit 1\nfi\n# This output is used by Xcode 'outputs' to avoid re-running this script phase.\necho \"SUCCESS\" > \"${SCRIPT_OUTPUT_FILE_0}\"\n";
			showEnvVarsInLog = 0;
		};
		DB65F4B6E1B1A37AEBC7870A /* [CP] Copy Pods Resources */ = {
			isa = PBXShellScriptBuildPhase;
			buildActionMask = 2147483647;
			files = (
			);
			inputPaths = (
			);
			name = "[CP] Copy Pods Resources";
			outputPaths = (
			);
			runOnlyForDeploymentPostprocessing = 0;
			shellPath = /bin/sh;
			shellScript = "\"${SRCROOT}/Pods/Target Support Files/Pods-Craftycle/Pods-Craftycle-resources.sh\"\n";
			showEnvVarsInLog = 0;
		};
		E4203FDE47F12D93F1823098 /* [CP] Embed Pods Frameworks */ = {
			isa = PBXShellScriptBuildPhase;
			buildActionMask = 2147483647;
			files = (
			);
			inputPaths = (
			);
			name = "[CP] Embed Pods Frameworks";
			outputPaths = (
			);
			runOnlyForDeploymentPostprocessing = 0;
			shellPath = /bin/sh;
			shellScript = "\"${SRCROOT}/Pods/Target Support Files/Pods-CraftycleTests/Pods-CraftycleTests-frameworks.sh\"\n";
			showEnvVarsInLog = 0;
		};
		F3EBA0FCA6E106821C4DD671 /* [CP] Check Pods Manifest.lock */ = {
			isa = PBXShellScriptBuildPhase;
			buildActionMask = 2147483647;
			files = (
			);
			inputPaths = (
				"${PODS_PODFILE_DIR_PATH}/Podfile.lock",
				"${PODS_ROOT}/Manifest.lock",
			);
			name = "[CP] Check Pods Manifest.lock";
			outputPaths = (
				"$(DERIVED_FILE_DIR)/Pods-CraftycleTests-checkManifestLockResult.txt",
			);
			runOnlyForDeploymentPostprocessing = 0;
			shellPath = /bin/sh;
			shellScript = "diff \"${PODS_PODFILE_DIR_PATH}/Podfile.lock\" \"${PODS_ROOT}/Manifest.lock\" > /dev/null\nif [ $? != 0 ] ; then\n    # print error to STDERR\n    echo \"error: The sandbox is not in sync with the Podfile.lock. Run 'pod install' or update your CocoaPods installation.\" >&2\n    exit 1\nfi\n# This output is used by Xcode 'outputs' to avoid re-running this script phase.\necho \"SUCCESS\" > \"${SCRIPT_OUTPUT_FILE_0}\"\n";
			showEnvVarsInLog = 0;
		};
/* End PBXShellScriptBuildPhase section */

/* Begin PBXSourcesBuildPhase section */
		2566A44B2083A41000775154 /* Sources */ = {
			isa = PBXSourcesBuildPhase;
			buildActionMask = 2147483647;
			files = (
				25618586209318E800EC788B /* HomeViewController.swift in Sources */,
				2566A4552083A41000775154 /* MainTabBarController.swift in Sources */,
				25B49CB2209EC3A50070439F /* BasicDataSource.swift in Sources */,
				2587874F2086CF99009EADC9 /* NewCategoryViewController.swift in Sources */,
				253C5FCA20929FAA00CF868B /* LoadingManager.swift in Sources */,
				25F47C0820868BFB00F6CB8D /* Service.swift in Sources */,
				256185892093192C00EC788B /* HomeCollectionViewCell.swift in Sources */,
				2561858220930D2200EC788B /* Item.swift in Sources */,
				25B49CAF209EC3830070439F /* CLPlacemark.swift in Sources */,
				25F47C0520868BFB00F6CB8D /* AuthenticatedService.swift in Sources */,
				25B49CAD209EC3640070439F /* MarketItemInfoTableViewCell.swift in Sources */,
				25B49CA7209EC3640070439F /* CreateMarketItemViewController.swift in Sources */,
				2587873F2086C5F6009EADC9 /* CategoryService.swift in Sources */,
				258787482086CE70009EADC9 /* CategoryViewController.swift in Sources */,
				25B49CB4209EC3F90070439F /* MarketItem.swift in Sources */,
				2587873B2086C246009EADC9 /* BaseWebService.swift in Sources */,
				258787462086C7AE009EADC9 /* BaseRequest.swift in Sources */,
				25085DD0209C05D8007A57F8 /* MachineLearningResultViewController.swift in Sources */,
				25F47C0620868BFB00F6CB8D /* Request.swift in Sources */,
				25B49CA6209EC3640070439F /* CreateMarketItemDataSource.swift in Sources */,
				25F47C0920868BFB00F6CB8D /* WebServiceExtensions.swift in Sources */,
				25B49C95209EC3460070439F /* TipManager.swift in Sources */,
				25085DCD209C0513007A57F8 /* DropDownTransitionAnimator.m in Sources */,
				2561858020930C7400EC788B /* ItemService.swift in Sources */,
				25B49CBA209F37C90070439F /* mymnist.mlmodel in Sources */,
				25F47C0A20868BFB00F6CB8D /* ServiceConfiguration.swift in Sources */,
				25B49CAC209EC3640070439F /* PickerTableViewCell.swift in Sources */,
				25B49CAB209EC3640070439F /* ImageTableViewCell.swift in Sources */,
				25B49C9B209EC34C0070439F /* LocationResultsViewController.swift in Sources */,
				25B49CA9209EC3640070439F /* SellTableViewController.swift in Sources */,
				2566A4532083A41000775154 /* AppDelegate.swift in Sources */,
				253C5FC720929E4900CF868B /* CGSize.swift in Sources */,
				2587874C2086CF28009EADC9 /* Image.swift in Sources */,
				25B49CAA209EC3640070439F /* SaleTabTableViewCell.swift in Sources */,
				25B49CA8209EC3640070439F /* Sell.swift in Sources */,
				253C5FCC2092AB7E00CF868B /* UIWindow.swift in Sources */,
				25085DCA209C04FE007A57F8 /* BackgroundPresentationController.m in Sources */,
				25B49C96209EC3460070439F /* TipViewController.swift in Sources */,
				258787422086C63E009EADC9 /* Category.swift in Sources */,
				253C5FC520929E2200CF868B /* CGFloat.swift in Sources */,
				25F47C0720868BFB00F6CB8D /* Response.swift in Sources */,
				2587873D2086C3F2009EADC9 /* BaseResponse.swift in Sources */,
				2566A45B2083A41000775154 /* Craftycle.xcdatamodeld in Sources */,
				258787442086C6BA009EADC9 /* WebServiceError.swift in Sources */,
				25B49C9A209EC34C0070439F /* LocationPickerViewController.swift in Sources */,
			);
			runOnlyForDeploymentPostprocessing = 0;
		};
		2566A4622083A41100775154 /* Sources */ = {
			isa = PBXSourcesBuildPhase;
			buildActionMask = 2147483647;
			files = (
				2566A46B2083A41100775154 /* CraftycleTests.swift in Sources */,
			);
			runOnlyForDeploymentPostprocessing = 0;
		};
		2566A46D2083A41100775154 /* Sources */ = {
			isa = PBXSourcesBuildPhase;
			buildActionMask = 2147483647;
			files = (
				2566A4762083A41100775154 /* CraftycleUITests.swift in Sources */,
			);
			runOnlyForDeploymentPostprocessing = 0;
		};
/* End PBXSourcesBuildPhase section */

/* Begin PBXTargetDependency section */
		2566A4682083A41100775154 /* PBXTargetDependency */ = {
			isa = PBXTargetDependency;
			target = 2566A44E2083A41000775154 /* Craftycle */;
			targetProxy = 2566A4672083A41100775154 /* PBXContainerItemProxy */;
		};
		2566A4732083A41100775154 /* PBXTargetDependency */ = {
			isa = PBXTargetDependency;
			target = 2566A44E2083A41000775154 /* Craftycle */;
			targetProxy = 2566A4722083A41100775154 /* PBXContainerItemProxy */;
		};
/* End PBXTargetDependency section */

/* Begin PBXVariantGroup section */
		2566A4562083A41000775154 /* Main.storyboard */ = {
			isa = PBXVariantGroup;
			children = (
				2566A4572083A41000775154 /* Base */,
			);
			name = Main.storyboard;
			sourceTree = "<group>";
		};
		2566A45E2083A41100775154 /* LaunchScreen.storyboard */ = {
			isa = PBXVariantGroup;
			children = (
				2566A45F2083A41100775154 /* Base */,
			);
			name = LaunchScreen.storyboard;
			sourceTree = "<group>";
		};
/* End PBXVariantGroup section */

/* Begin XCBuildConfiguration section */
		2566A4782083A41100775154 /* Debug */ = {
			isa = XCBuildConfiguration;
			buildSettings = {
				ALWAYS_SEARCH_USER_PATHS = NO;
				CLANG_ANALYZER_NONNULL = YES;
				CLANG_ANALYZER_NUMBER_OBJECT_CONVERSION = YES_AGGRESSIVE;
				CLANG_CXX_LANGUAGE_STANDARD = "gnu++14";
				CLANG_CXX_LIBRARY = "libc++";
				CLANG_ENABLE_MODULES = YES;
				CLANG_ENABLE_OBJC_ARC = YES;
				CLANG_ENABLE_OBJC_WEAK = YES;
				CLANG_WARN_BLOCK_CAPTURE_AUTORELEASING = YES;
				CLANG_WARN_BOOL_CONVERSION = YES;
				CLANG_WARN_COMMA = YES;
				CLANG_WARN_CONSTANT_CONVERSION = YES;
				CLANG_WARN_DEPRECATED_OBJC_IMPLEMENTATIONS = YES;
				CLANG_WARN_DIRECT_OBJC_ISA_USAGE = YES_ERROR;
				CLANG_WARN_DOCUMENTATION_COMMENTS = YES;
				CLANG_WARN_EMPTY_BODY = YES;
				CLANG_WARN_ENUM_CONVERSION = YES;
				CLANG_WARN_INFINITE_RECURSION = YES;
				CLANG_WARN_INT_CONVERSION = YES;
				CLANG_WARN_NON_LITERAL_NULL_CONVERSION = YES;
				CLANG_WARN_OBJC_IMPLICIT_RETAIN_SELF = YES;
				CLANG_WARN_OBJC_LITERAL_CONVERSION = YES;
				CLANG_WARN_OBJC_ROOT_CLASS = YES_ERROR;
				CLANG_WARN_RANGE_LOOP_ANALYSIS = YES;
				CLANG_WARN_STRICT_PROTOTYPES = YES;
				CLANG_WARN_SUSPICIOUS_MOVE = YES;
				CLANG_WARN_UNGUARDED_AVAILABILITY = YES_AGGRESSIVE;
				CLANG_WARN_UNREACHABLE_CODE = YES;
				CLANG_WARN__DUPLICATE_METHOD_MATCH = YES;
				CODE_SIGN_IDENTITY = "iPhone Developer";
				COPY_PHASE_STRIP = NO;
				DEBUG_INFORMATION_FORMAT = dwarf;
				ENABLE_STRICT_OBJC_MSGSEND = YES;
				ENABLE_TESTABILITY = YES;
				GCC_C_LANGUAGE_STANDARD = gnu11;
				GCC_DYNAMIC_NO_PIC = NO;
				GCC_NO_COMMON_BLOCKS = YES;
				GCC_OPTIMIZATION_LEVEL = 0;
				GCC_PREPROCESSOR_DEFINITIONS = (
					"DEBUG=1",
					"$(inherited)",
				);
				GCC_WARN_64_TO_32_BIT_CONVERSION = YES;
				GCC_WARN_ABOUT_RETURN_TYPE = YES_ERROR;
				GCC_WARN_UNDECLARED_SELECTOR = YES;
				GCC_WARN_UNINITIALIZED_AUTOS = YES_AGGRESSIVE;
				GCC_WARN_UNUSED_FUNCTION = YES;
				GCC_WARN_UNUSED_VARIABLE = YES;
				IPHONEOS_DEPLOYMENT_TARGET = 11.3;
				MTL_ENABLE_DEBUG_INFO = YES;
				ONLY_ACTIVE_ARCH = YES;
				SDKROOT = iphoneos;
				SWIFT_ACTIVE_COMPILATION_CONDITIONS = DEBUG;
				SWIFT_OPTIMIZATION_LEVEL = "-Onone";
			};
			name = Debug;
		};
		2566A4792083A41100775154 /* Release */ = {
			isa = XCBuildConfiguration;
			buildSettings = {
				ALWAYS_SEARCH_USER_PATHS = NO;
				CLANG_ANALYZER_NONNULL = YES;
				CLANG_ANALYZER_NUMBER_OBJECT_CONVERSION = YES_AGGRESSIVE;
				CLANG_CXX_LANGUAGE_STANDARD = "gnu++14";
				CLANG_CXX_LIBRARY = "libc++";
				CLANG_ENABLE_MODULES = YES;
				CLANG_ENABLE_OBJC_ARC = YES;
				CLANG_ENABLE_OBJC_WEAK = YES;
				CLANG_WARN_BLOCK_CAPTURE_AUTORELEASING = YES;
				CLANG_WARN_BOOL_CONVERSION = YES;
				CLANG_WARN_COMMA = YES;
				CLANG_WARN_CONSTANT_CONVERSION = YES;
				CLANG_WARN_DEPRECATED_OBJC_IMPLEMENTATIONS = YES;
				CLANG_WARN_DIRECT_OBJC_ISA_USAGE = YES_ERROR;
				CLANG_WARN_DOCUMENTATION_COMMENTS = YES;
				CLANG_WARN_EMPTY_BODY = YES;
				CLANG_WARN_ENUM_CONVERSION = YES;
				CLANG_WARN_INFINITE_RECURSION = YES;
				CLANG_WARN_INT_CONVERSION = YES;
				CLANG_WARN_NON_LITERAL_NULL_CONVERSION = YES;
				CLANG_WARN_OBJC_IMPLICIT_RETAIN_SELF = YES;
				CLANG_WARN_OBJC_LITERAL_CONVERSION = YES;
				CLANG_WARN_OBJC_ROOT_CLASS = YES_ERROR;
				CLANG_WARN_RANGE_LOOP_ANALYSIS = YES;
				CLANG_WARN_STRICT_PROTOTYPES = YES;
				CLANG_WARN_SUSPICIOUS_MOVE = YES;
				CLANG_WARN_UNGUARDED_AVAILABILITY = YES_AGGRESSIVE;
				CLANG_WARN_UNREACHABLE_CODE = YES;
				CLANG_WARN__DUPLICATE_METHOD_MATCH = YES;
				CODE_SIGN_IDENTITY = "iPhone Developer";
				COPY_PHASE_STRIP = NO;
				DEBUG_INFORMATION_FORMAT = "dwarf-with-dsym";
				ENABLE_NS_ASSERTIONS = NO;
				ENABLE_STRICT_OBJC_MSGSEND = YES;
				GCC_C_LANGUAGE_STANDARD = gnu11;
				GCC_NO_COMMON_BLOCKS = YES;
				GCC_WARN_64_TO_32_BIT_CONVERSION = YES;
				GCC_WARN_ABOUT_RETURN_TYPE = YES_ERROR;
				GCC_WARN_UNDECLARED_SELECTOR = YES;
				GCC_WARN_UNINITIALIZED_AUTOS = YES_AGGRESSIVE;
				GCC_WARN_UNUSED_FUNCTION = YES;
				GCC_WARN_UNUSED_VARIABLE = YES;
				IPHONEOS_DEPLOYMENT_TARGET = 11.3;
				MTL_ENABLE_DEBUG_INFO = NO;
				SDKROOT = iphoneos;
				SWIFT_OPTIMIZATION_LEVEL = "-Owholemodule";
				VALIDATE_PRODUCT = YES;
			};
			name = Release;
		};
		2566A47B2083A41100775154 /* Debug */ = {
			isa = XCBuildConfiguration;
			baseConfigurationReference = 7D4232FB524269A832351E51 /* Pods-Craftycle.debug.xcconfig */;
			buildSettings = {
				ASSETCATALOG_COMPILER_APPICON_NAME = AppIcon;
				BASE_URL = "http://routemenow.eu/api/";
				CODE_SIGN_STYLE = Automatic;
				DEVELOPMENT_TEAM = YEA93CRG3C;
				HOST_NAME = "Debug Craftycle Server";
				INFOPLIST_FILE = Craftycle/Info.plist;
				IPHONEOS_DEPLOYMENT_TARGET = 11.0;
				LD_RUNPATH_SEARCH_PATHS = "$(inherited) @executable_path/Frameworks";
				PRODUCT_BUNDLE_IDENTIFIER = com.craftycle.Craftycle;
				PRODUCT_NAME = "$(TARGET_NAME)";
				SWIFT_OBJC_BRIDGING_HEADER = "Craftycle/Craftycle-Bridging-Header.h";
				SWIFT_VERSION = 4.0;
				TARGETED_DEVICE_FAMILY = "1,2";
				USER_HEADER_SEARCH_PATHS = "Pods/**";
			};
			name = Debug;
		};
		2566A47C2083A41100775154 /* Release */ = {
			isa = XCBuildConfiguration;
			baseConfigurationReference = DE4C38D3F41BCFDE31850DDE /* Pods-Craftycle.release.xcconfig */;
			buildSettings = {
				ASSETCATALOG_COMPILER_APPICON_NAME = AppIcon;
				BASE_URL = "http://routemenow.eu/api/";
				CODE_SIGN_STYLE = Automatic;
				DEVELOPMENT_TEAM = YEA93CRG3C;
				HOST_NAME = "Release Craftycle Server";
				INFOPLIST_FILE = Craftycle/Info.plist;
				IPHONEOS_DEPLOYMENT_TARGET = 11.0;
				LD_RUNPATH_SEARCH_PATHS = "$(inherited) @executable_path/Frameworks";
				PRODUCT_BUNDLE_IDENTIFIER = com.craftycle.Craftycle;
				PRODUCT_NAME = "$(TARGET_NAME)";
				SWIFT_OBJC_BRIDGING_HEADER = "Craftycle/Craftycle-Bridging-Header.h";
				SWIFT_VERSION = 4.0;
				TARGETED_DEVICE_FAMILY = "1,2";
				USER_HEADER_SEARCH_PATHS = "Pods/**";
			};
			name = Release;
		};
		2566A47E2083A41100775154 /* Debug */ = {
			isa = XCBuildConfiguration;
			baseConfigurationReference = 763D9641DFD7FEB59B2D0CE9 /* Pods-CraftycleTests.debug.xcconfig */;
			buildSettings = {
				ALWAYS_EMBED_SWIFT_STANDARD_LIBRARIES = YES;
				BUNDLE_LOADER = "$(TEST_HOST)";
				CODE_SIGN_STYLE = Automatic;
				INFOPLIST_FILE = CraftycleTests/Info.plist;
				LD_RUNPATH_SEARCH_PATHS = "$(inherited) @executable_path/Frameworks @loader_path/Frameworks";
				PRODUCT_BUNDLE_IDENTIFIER = com.craftycle.CraftycleTests;
				PRODUCT_NAME = "$(TARGET_NAME)";
				SWIFT_VERSION = 4.0;
				TARGETED_DEVICE_FAMILY = "1,2";
				TEST_HOST = "$(BUILT_PRODUCTS_DIR)/Craftycle.app/Craftycle";
			};
			name = Debug;
		};
		2566A47F2083A41100775154 /* Release */ = {
			isa = XCBuildConfiguration;
			baseConfigurationReference = BFB3882219A04B166C796E6C /* Pods-CraftycleTests.release.xcconfig */;
			buildSettings = {
				ALWAYS_EMBED_SWIFT_STANDARD_LIBRARIES = YES;
				BUNDLE_LOADER = "$(TEST_HOST)";
				CODE_SIGN_STYLE = Automatic;
				INFOPLIST_FILE = CraftycleTests/Info.plist;
				LD_RUNPATH_SEARCH_PATHS = "$(inherited) @executable_path/Frameworks @loader_path/Frameworks";
				PRODUCT_BUNDLE_IDENTIFIER = com.craftycle.CraftycleTests;
				PRODUCT_NAME = "$(TARGET_NAME)";
				SWIFT_VERSION = 4.0;
				TARGETED_DEVICE_FAMILY = "1,2";
				TEST_HOST = "$(BUILT_PRODUCTS_DIR)/Craftycle.app/Craftycle";
			};
			name = Release;
		};
		2566A4812083A41100775154 /* Debug */ = {
			isa = XCBuildConfiguration;
			baseConfigurationReference = F3ED8800814B093C007BC58A /* Pods-CraftycleUITests.debug.xcconfig */;
			buildSettings = {
				ALWAYS_EMBED_SWIFT_STANDARD_LIBRARIES = YES;
				CODE_SIGN_STYLE = Automatic;
				INFOPLIST_FILE = CraftycleUITests/Info.plist;
				LD_RUNPATH_SEARCH_PATHS = "$(inherited) @executable_path/Frameworks @loader_path/Frameworks";
				PRODUCT_BUNDLE_IDENTIFIER = com.craftycle.CraftycleUITests;
				PRODUCT_NAME = "$(TARGET_NAME)";
				SWIFT_VERSION = 4.0;
				TARGETED_DEVICE_FAMILY = "1,2";
				TEST_TARGET_NAME = Craftycle;
			};
			name = Debug;
		};
		2566A4822083A41100775154 /* Release */ = {
			isa = XCBuildConfiguration;
			baseConfigurationReference = 071324D0B7949058C702E63F /* Pods-CraftycleUITests.release.xcconfig */;
			buildSettings = {
				ALWAYS_EMBED_SWIFT_STANDARD_LIBRARIES = YES;
				CODE_SIGN_STYLE = Automatic;
				INFOPLIST_FILE = CraftycleUITests/Info.plist;
				LD_RUNPATH_SEARCH_PATHS = "$(inherited) @executable_path/Frameworks @loader_path/Frameworks";
				PRODUCT_BUNDLE_IDENTIFIER = com.craftycle.CraftycleUITests;
				PRODUCT_NAME = "$(TARGET_NAME)";
				SWIFT_VERSION = 4.0;
				TARGETED_DEVICE_FAMILY = "1,2";
				TEST_TARGET_NAME = Craftycle;
			};
			name = Release;
		};
/* End XCBuildConfiguration section */

/* Begin XCConfigurationList section */
		2566A44A2083A41000775154 /* Build configuration list for PBXProject "Craftycle" */ = {
			isa = XCConfigurationList;
			buildConfigurations = (
				2566A4782083A41100775154 /* Debug */,
				2566A4792083A41100775154 /* Release */,
			);
			defaultConfigurationIsVisible = 0;
			defaultConfigurationName = Release;
		};
		2566A47A2083A41100775154 /* Build configuration list for PBXNativeTarget "Craftycle" */ = {
			isa = XCConfigurationList;
			buildConfigurations = (
				2566A47B2083A41100775154 /* Debug */,
				2566A47C2083A41100775154 /* Release */,
			);
			defaultConfigurationIsVisible = 0;
			defaultConfigurationName = Release;
		};
		2566A47D2083A41100775154 /* Build configuration list for PBXNativeTarget "CraftycleTests" */ = {
			isa = XCConfigurationList;
			buildConfigurations = (
				2566A47E2083A41100775154 /* Debug */,
				2566A47F2083A41100775154 /* Release */,
			);
			defaultConfigurationIsVisible = 0;
			defaultConfigurationName = Release;
		};
		2566A4802083A41100775154 /* Build configuration list for PBXNativeTarget "CraftycleUITests" */ = {
			isa = XCConfigurationList;
			buildConfigurations = (
				2566A4812083A41100775154 /* Debug */,
				2566A4822083A41100775154 /* Release */,
			);
			defaultConfigurationIsVisible = 0;
			defaultConfigurationName = Release;
		};
/* End XCConfigurationList section */

/* Begin XCVersionGroup section */
		2566A4592083A41000775154 /* Craftycle.xcdatamodeld */ = {
			isa = XCVersionGroup;
			children = (
				2566A45A2083A41000775154 /* Craftycle.xcdatamodel */,
			);
			currentVersion = 2566A45A2083A41000775154 /* Craftycle.xcdatamodel */;
			path = Craftycle.xcdatamodeld;
			sourceTree = "<group>";
			versionGroupType = wrapper.xcdatamodel;
		};
/* End XCVersionGroup section */
	};
	rootObject = 2566A4472083A41000775154 /* Project object */;
}
